// !$*UTF8*$!
{
	archiveVersion = 1;
	classes = {
	};
	objectVersion = 50;
	objects = {

/* Begin PBXBuildFile section */
		8D12964D256DBCB2003E685B /* SlideViewController.swift in Sources */ = {isa = PBXBuildFile; fileRef = 8D12964C256DBCB2003E685B /* SlideViewController.swift */; };
		8D26FB39256E003600CF1572 /* ARViewController.swift in Sources */ = {isa = PBXBuildFile; fileRef = 8D26FB38256E003600CF1572 /* ARViewController.swift */; };
		8D83437E2568ADF10044B6AA /* AppDelegate.swift in Sources */ = {isa = PBXBuildFile; fileRef = 8D83437D2568ADF10044B6AA /* AppDelegate.swift */; };
		8D8343802568ADF10044B6AA /* SceneDelegate.swift in Sources */ = {isa = PBXBuildFile; fileRef = 8D83437F2568ADF10044B6AA /* SceneDelegate.swift */; };
		8D8343822568ADF10044B6AA /* RecordViewController.swift in Sources */ = {isa = PBXBuildFile; fileRef = 8D8343812568ADF10044B6AA /* RecordViewController.swift */; };
		8D8343852568ADF10044B6AA /* Main.storyboard in Resources */ = {isa = PBXBuildFile; fileRef = 8D8343832568ADF10044B6AA /* Main.storyboard */; };
		8D8343872568ADF30044B6AA /* Assets.xcassets in Resources */ = {isa = PBXBuildFile; fileRef = 8D8343862568ADF30044B6AA /* Assets.xcassets */; };
		8D83438A2568ADF30044B6AA /* LaunchScreen.storyboard in Resources */ = {isa = PBXBuildFile; fileRef = 8D8343882568ADF30044B6AA /* LaunchScreen.storyboard */; };
		8D8343952568ADF30044B6AA /* CatherineTests.swift in Sources */ = {isa = PBXBuildFile; fileRef = 8D8343942568ADF30044B6AA /* CatherineTests.swift */; };
		8D8343A02568ADF30044B6AA /* CatherineUITests.swift in Sources */ = {isa = PBXBuildFile; fileRef = 8D83439F2568ADF30044B6AA /* CatherineUITests.swift */; };
		8D8343B42568DA340044B6AA /* RespondViewController.swift in Sources */ = {isa = PBXBuildFile; fileRef = 8D8343B32568DA340044B6AA /* RespondViewController.swift */; };
		8D8343C02568DF740044B6AA /* TabBarController.swift in Sources */ = {isa = PBXBuildFile; fileRef = 8D8343BF2568DF740044B6AA /* TabBarController.swift */; };
		8D9D091C2584A22C00C84020 /* Icarus.mp3 in Resources */ = {isa = PBXBuildFile; fileRef = 8D9D091B2584A22C00C84020 /* Icarus.mp3 */; };
		8DDCB6BC25706F9E0077A9ED /* Localizable.strings in Resources */ = {isa = PBXBuildFile; fileRef = 8DDCB6BE25706F9E0077A9ED /* Localizable.strings */; };
		8DDCB6C32575769C0077A9ED /* camera.wav in Resources */ = {isa = PBXBuildFile; fileRef = 8DDCB6C22575769C0077A9ED /* camera.wav */; };
/* End PBXBuildFile section */

/* Begin PBXContainerItemProxy section */
		8D8343912568ADF30044B6AA /* PBXContainerItemProxy */ = {
			isa = PBXContainerItemProxy;
			containerPortal = 8D8343722568ADF00044B6AA /* Project object */;
			proxyType = 1;
			remoteGlobalIDString = 8D8343792568ADF10044B6AA;
			remoteInfo = Catherine;
		};
		8D83439C2568ADF30044B6AA /* PBXContainerItemProxy */ = {
			isa = PBXContainerItemProxy;
			containerPortal = 8D8343722568ADF00044B6AA /* Project object */;
			proxyType = 1;
			remoteGlobalIDString = 8D8343792568ADF10044B6AA;
			remoteInfo = Catherine;
		};
/* End PBXContainerItemProxy section */

/* Begin PBXFileReference section */
		8D12964C256DBCB2003E685B /* SlideViewController.swift */ = {isa = PBXFileReference; lastKnownFileType = sourcecode.swift; path = SlideViewController.swift; sourceTree = "<group>"; };
		8D26FB38256E003600CF1572 /* ARViewController.swift */ = {isa = PBXFileReference; lastKnownFileType = sourcecode.swift; path = ARViewController.swift; sourceTree = "<group>"; };
		8D458126256F682900907949 /* en */ = {isa = PBXFileReference; lastKnownFileType = text.plist.strings; name = en; path = en.lproj/Main.strings; sourceTree = "<group>"; };
		8D83437A2568ADF10044B6AA /* UCAP.app */ = {isa = PBXFileReference; explicitFileType = wrapper.application; includeInIndex = 0; path = UCAP.app; sourceTree = BUILT_PRODUCTS_DIR; };
		8D83437D2568ADF10044B6AA /* AppDelegate.swift */ = {isa = PBXFileReference; lastKnownFileType = sourcecode.swift; path = AppDelegate.swift; sourceTree = "<group>"; };
		8D83437F2568ADF10044B6AA /* SceneDelegate.swift */ = {isa = PBXFileReference; lastKnownFileType = sourcecode.swift; path = SceneDelegate.swift; sourceTree = "<group>"; };
		8D8343812568ADF10044B6AA /* RecordViewController.swift */ = {isa = PBXFileReference; lastKnownFileType = sourcecode.swift; path = RecordViewController.swift; sourceTree = "<group>"; };
		8D8343842568ADF10044B6AA /* Base */ = {isa = PBXFileReference; lastKnownFileType = file.storyboard; name = Base; path = Base.lproj/Main.storyboard; sourceTree = "<group>"; };
		8D8343862568ADF30044B6AA /* Assets.xcassets */ = {isa = PBXFileReference; lastKnownFileType = folder.assetcatalog; path = Assets.xcassets; sourceTree = "<group>"; };
		8D8343892568ADF30044B6AA /* Base */ = {isa = PBXFileReference; lastKnownFileType = file.storyboard; name = Base; path = Base.lproj/LaunchScreen.storyboard; sourceTree = "<group>"; };
		8D83438B2568ADF30044B6AA /* Info.plist */ = {isa = PBXFileReference; lastKnownFileType = text.plist.xml; path = Info.plist; sourceTree = "<group>"; };
		8D8343902568ADF30044B6AA /* UCAPTests.xctest */ = {isa = PBXFileReference; explicitFileType = wrapper.cfbundle; includeInIndex = 0; path = UCAPTests.xctest; sourceTree = BUILT_PRODUCTS_DIR; };
		8D8343942568ADF30044B6AA /* CatherineTests.swift */ = {isa = PBXFileReference; lastKnownFileType = sourcecode.swift; path = CatherineTests.swift; sourceTree = "<group>"; };
		8D8343962568ADF30044B6AA /* Info.plist */ = {isa = PBXFileReference; lastKnownFileType = text.plist.xml; path = Info.plist; sourceTree = "<group>"; };
		8D83439B2568ADF30044B6AA /* UCAPUITests.xctest */ = {isa = PBXFileReference; explicitFileType = wrapper.cfbundle; includeInIndex = 0; path = UCAPUITests.xctest; sourceTree = BUILT_PRODUCTS_DIR; };
		8D83439F2568ADF30044B6AA /* CatherineUITests.swift */ = {isa = PBXFileReference; lastKnownFileType = sourcecode.swift; path = CatherineUITests.swift; sourceTree = "<group>"; };
		8D8343A12568ADF30044B6AA /* Info.plist */ = {isa = PBXFileReference; lastKnownFileType = text.plist.xml; path = Info.plist; sourceTree = "<group>"; };
		8D8343B32568DA340044B6AA /* RespondViewController.swift */ = {isa = PBXFileReference; lastKnownFileType = sourcecode.swift; path = RespondViewController.swift; sourceTree = "<group>"; };
		8D8343BF2568DF740044B6AA /* TabBarController.swift */ = {isa = PBXFileReference; lastKnownFileType = sourcecode.swift; path = TabBarController.swift; sourceTree = "<group>"; };
		8D997F2F256F668900438844 /* en */ = {isa = PBXFileReference; lastKnownFileType = text.plist.strings; name = en; path = en.lproj/LaunchScreen.strings; sourceTree = "<group>"; };
		8D9D091B2584A22C00C84020 /* Icarus.mp3 */ = {isa = PBXFileReference; lastKnownFileType = audio.mp3; path = Icarus.mp3; sourceTree = "<group>"; };
		8DDCB6BD25706F9E0077A9ED /* en */ = {isa = PBXFileReference; lastKnownFileType = text.plist.strings; name = en; path = en.lproj/Localizable.strings; sourceTree = "<group>"; };
		8DDCB6C22575769C0077A9ED /* camera.wav */ = {isa = PBXFileReference; lastKnownFileType = audio.wav; path = camera.wav; sourceTree = "<group>"; };
/* End PBXFileReference section */

/* Begin PBXFrameworksBuildPhase section */
		8D8343772568ADF10044B6AA /* Frameworks */ = {
			isa = PBXFrameworksBuildPhase;
			buildActionMask = 2147483647;
			files = (
			);
			runOnlyForDeploymentPostprocessing = 0;
		};
		8D83438D2568ADF30044B6AA /* Frameworks */ = {
			isa = PBXFrameworksBuildPhase;
			buildActionMask = 2147483647;
			files = (
			);
			runOnlyForDeploymentPostprocessing = 0;
		};
		8D8343982568ADF30044B6AA /* Frameworks */ = {
			isa = PBXFrameworksBuildPhase;
			buildActionMask = 2147483647;
			files = (
			);
			runOnlyForDeploymentPostprocessing = 0;
		};
/* End PBXFrameworksBuildPhase section */

/* Begin PBXGroup section */
		8D8343712568ADF00044B6AA = {
			isa = PBXGroup;
			children = (
				8D83437C2568ADF10044B6AA /* UCAP */,
				8D8343932568ADF30044B6AA /* UCAPTests */,
				8D83439E2568ADF30044B6AA /* UCAPUITests */,
				8D83437B2568ADF10044B6AA /* Products */,
			);
			sourceTree = "<group>";
		};
		8D83437B2568ADF10044B6AA /* Products */ = {
			isa = PBXGroup;
			children = (
				8D83437A2568ADF10044B6AA /* UCAP.app */,
				8D8343902568ADF30044B6AA /* UCAPTests.xctest */,
				8D83439B2568ADF30044B6AA /* UCAPUITests.xctest */,
			);
			name = Products;
			sourceTree = "<group>";
		};
		8D83437C2568ADF10044B6AA /* UCAP */ = {
			isa = PBXGroup;
			children = (
				8DDCB6BE25706F9E0077A9ED /* Localizable.strings */,
				8D8343BB2568DACA0044B6AA /* ViewControllers */,
				8D83437D2568ADF10044B6AA /* AppDelegate.swift */,
				8D83437F2568ADF10044B6AA /* SceneDelegate.swift */,
				8D8343832568ADF10044B6AA /* Main.storyboard */,
				8D8343862568ADF30044B6AA /* Assets.xcassets */,
				8DDCB6C22575769C0077A9ED /* camera.wav */,
				8D9D091B2584A22C00C84020 /* Icarus.mp3 */,
				8D8343882568ADF30044B6AA /* LaunchScreen.storyboard */,
				8D83438B2568ADF30044B6AA /* Info.plist */,
			);
			path = UCAP;
			sourceTree = "<group>";
		};
		8D8343932568ADF30044B6AA /* UCAPTests */ = {
			isa = PBXGroup;
			children = (
				8D8343942568ADF30044B6AA /* CatherineTests.swift */,
				8D8343962568ADF30044B6AA /* Info.plist */,
			);
			path = UCAPTests;
			sourceTree = "<group>";
		};
		8D83439E2568ADF30044B6AA /* UCAPUITests */ = {
			isa = PBXGroup;
			children = (
				8D83439F2568ADF30044B6AA /* CatherineUITests.swift */,
				8D8343A12568ADF30044B6AA /* Info.plist */,
			);
			path = UCAPUITests;
			sourceTree = "<group>";
		};
		8D8343BB2568DACA0044B6AA /* ViewControllers */ = {
			isa = PBXGroup;
			children = (
				8D12964C256DBCB2003E685B /* SlideViewController.swift */,
				8D8343812568ADF10044B6AA /* RecordViewController.swift */,
				8D8343B32568DA340044B6AA /* RespondViewController.swift */,
				8D8343BF2568DF740044B6AA /* TabBarController.swift */,
				8D26FB38256E003600CF1572 /* ARViewController.swift */,
			);
			path = ViewControllers;
			sourceTree = "<group>";
		};
/* End PBXGroup section */

/* Begin PBXNativeTarget section */
		8D8343792568ADF10044B6AA /* UCAP */ = {
			isa = PBXNativeTarget;
			buildConfigurationList = 8D8343A42568ADF30044B6AA /* Build configuration list for PBXNativeTarget "UCAP" */;
			buildPhases = (
				8D8343762568ADF10044B6AA /* Sources */,
				8D8343772568ADF10044B6AA /* Frameworks */,
				8D8343782568ADF10044B6AA /* Resources */,
			);
			buildRules = (
			);
			dependencies = (
			);
			name = UCAP;
			productName = Catherine;
			productReference = 8D83437A2568ADF10044B6AA /* UCAP.app */;
			productType = "com.apple.product-type.application";
		};
		8D83438F2568ADF30044B6AA /* UCAPTests */ = {
			isa = PBXNativeTarget;
			buildConfigurationList = 8D8343A72568ADF30044B6AA /* Build configuration list for PBXNativeTarget "UCAPTests" */;
			buildPhases = (
				8D83438C2568ADF30044B6AA /* Sources */,
				8D83438D2568ADF30044B6AA /* Frameworks */,
				8D83438E2568ADF30044B6AA /* Resources */,
			);
			buildRules = (
			);
			dependencies = (
				8D8343922568ADF30044B6AA /* PBXTargetDependency */,
			);
			name = UCAPTests;
			productName = CatherineTests;
			productReference = 8D8343902568ADF30044B6AA /* UCAPTests.xctest */;
			productType = "com.apple.product-type.bundle.unit-test";
		};
		8D83439A2568ADF30044B6AA /* UCAPUITests */ = {
			isa = PBXNativeTarget;
			buildConfigurationList = 8D8343AA2568ADF30044B6AA /* Build configuration list for PBXNativeTarget "UCAPUITests" */;
			buildPhases = (
				8D8343972568ADF30044B6AA /* Sources */,
				8D8343982568ADF30044B6AA /* Frameworks */,
				8D8343992568ADF30044B6AA /* Resources */,
			);
			buildRules = (
			);
			dependencies = (
				8D83439D2568ADF30044B6AA /* PBXTargetDependency */,
			);
			name = UCAPUITests;
			productName = CatherineUITests;
			productReference = 8D83439B2568ADF30044B6AA /* UCAPUITests.xctest */;
			productType = "com.apple.product-type.bundle.ui-testing";
		};
/* End PBXNativeTarget section */

/* Begin PBXProject section */
		8D8343722568ADF00044B6AA /* Project object */ = {
			isa = PBXProject;
			attributes = {
				LastSwiftUpdateCheck = 1220;
				LastUpgradeCheck = 1220;
				TargetAttributes = {
					8D8343792568ADF10044B6AA = {
						CreatedOnToolsVersion = 12.2;
					};
					8D83438F2568ADF30044B6AA = {
						CreatedOnToolsVersion = 12.2;
						TestTargetID = 8D8343792568ADF10044B6AA;
					};
					8D83439A2568ADF30044B6AA = {
						CreatedOnToolsVersion = 12.2;
						TestTargetID = 8D8343792568ADF10044B6AA;
					};
				};
			};
			buildConfigurationList = 8D8343752568ADF00044B6AA /* Build configuration list for PBXProject "UCAP" */;
			compatibilityVersion = "Xcode 9.3";
			developmentRegion = en;
			hasScannedForEncodings = 0;
			knownRegions = (
				en,
				Base,
			);
			mainGroup = 8D8343712568ADF00044B6AA;
			productRefGroup = 8D83437B2568ADF10044B6AA /* Products */;
			projectDirPath = "";
			projectRoot = "";
			targets = (
				8D8343792568ADF10044B6AA /* UCAP */,
				8D83438F2568ADF30044B6AA /* UCAPTests */,
				8D83439A2568ADF30044B6AA /* UCAPUITests */,
			);
		};
/* End PBXProject section */

/* Begin PBXResourcesBuildPhase section */
		8D8343782568ADF10044B6AA /* Resources */ = {
			isa = PBXResourcesBuildPhase;
			buildActionMask = 2147483647;
			files = (
				8DDCB6BC25706F9E0077A9ED /* Localizable.strings in Resources */,
				8D83438A2568ADF30044B6AA /* LaunchScreen.storyboard in Resources */,
				8D8343872568ADF30044B6AA /* Assets.xcassets in Resources */,
				8D8343852568ADF10044B6AA /* Main.storyboard in Resources */,
				8D9D091C2584A22C00C84020 /* Icarus.mp3 in Resources */,
				8DDCB6C32575769C0077A9ED /* camera.wav in Resources */,
			);
			runOnlyForDeploymentPostprocessing = 0;
		};
		8D83438E2568ADF30044B6AA /* Resources */ = {
			isa = PBXResourcesBuildPhase;
			buildActionMask = 2147483647;
			files = (
			);
			runOnlyForDeploymentPostprocessing = 0;
		};
		8D8343992568ADF30044B6AA /* Resources */ = {
			isa = PBXResourcesBuildPhase;
			buildActionMask = 2147483647;
			files = (
			);
			runOnlyForDeploymentPostprocessing = 0;
		};
/* End PBXResourcesBuildPhase section */

/* Begin PBXSourcesBuildPhase section */
		8D8343762568ADF10044B6AA /* Sources */ = {
			isa = PBXSourcesBuildPhase;
			buildActionMask = 2147483647;
			files = (
				8D26FB39256E003600CF1572 /* ARViewController.swift in Sources */,
				8D8343B42568DA340044B6AA /* RespondViewController.swift in Sources */,
				8D8343C02568DF740044B6AA /* TabBarController.swift in Sources */,
				8D12964D256DBCB2003E685B /* SlideViewController.swift in Sources */,
				8D8343822568ADF10044B6AA /* RecordViewController.swift in Sources */,
				8D83437E2568ADF10044B6AA /* AppDelegate.swift in Sources */,
				8D8343802568ADF10044B6AA /* SceneDelegate.swift in Sources */,
			);
			runOnlyForDeploymentPostprocessing = 0;
		};
		8D83438C2568ADF30044B6AA /* Sources */ = {
			isa = PBXSourcesBuildPhase;
			buildActionMask = 2147483647;
			files = (
				8D8343952568ADF30044B6AA /* CatherineTests.swift in Sources */,
			);
			runOnlyForDeploymentPostprocessing = 0;
		};
		8D8343972568ADF30044B6AA /* Sources */ = {
			isa = PBXSourcesBuildPhase;
			buildActionMask = 2147483647;
			files = (
				8D8343A02568ADF30044B6AA /* CatherineUITests.swift in Sources */,
			);
			runOnlyForDeploymentPostprocessing = 0;
		};
/* End PBXSourcesBuildPhase section */

/* Begin PBXTargetDependency section */
		8D8343922568ADF30044B6AA /* PBXTargetDependency */ = {
			isa = PBXTargetDependency;
			target = 8D8343792568ADF10044B6AA /* UCAP */;
			targetProxy = 8D8343912568ADF30044B6AA /* PBXContainerItemProxy */;
		};
		8D83439D2568ADF30044B6AA /* PBXTargetDependency */ = {
			isa = PBXTargetDependency;
			target = 8D8343792568ADF10044B6AA /* UCAP */;
			targetProxy = 8D83439C2568ADF30044B6AA /* PBXContainerItemProxy */;
		};
/* End PBXTargetDependency section */

/* Begin PBXVariantGroup section */
		8D8343832568ADF10044B6AA /* Main.storyboard */ = {
			isa = PBXVariantGroup;
			children = (
				8D8343842568ADF10044B6AA /* Base */,
				8D458126256F682900907949 /* en */,
			);
			name = Main.storyboard;
			sourceTree = "<group>";
		};
		8D8343882568ADF30044B6AA /* LaunchScreen.storyboard */ = {
			isa = PBXVariantGroup;
			children = (
				8D8343892568ADF30044B6AA /* Base */,
				8D997F2F256F668900438844 /* en */,
			);
			name = LaunchScreen.storyboard;
			sourceTree = "<group>";
		};
		8DDCB6BE25706F9E0077A9ED /* Localizable.strings */ = {
			isa = PBXVariantGroup;
			children = (
				8DDCB6BD25706F9E0077A9ED /* en */,
			);
			name = Localizable.strings;
			sourceTree = "<group>";
		};
/* End PBXVariantGroup section */

/* Begin XCBuildConfiguration section */
		8D8343A22568ADF30044B6AA /* Debug */ = {
			isa = XCBuildConfiguration;
			buildSettings = {
				ALWAYS_SEARCH_USER_PATHS = NO;
				CLANG_ANALYZER_LOCALIZABILITY_NONLOCALIZED = YES;
				CLANG_ANALYZER_NONNULL = YES;
				CLANG_ANALYZER_NUMBER_OBJECT_CONVERSION = YES_AGGRESSIVE;
				CLANG_CXX_LANGUAGE_STANDARD = "gnu++14";
				CLANG_CXX_LIBRARY = "libc++";
				CLANG_ENABLE_MODULES = YES;
				CLANG_ENABLE_OBJC_ARC = YES;
				CLANG_ENABLE_OBJC_WEAK = YES;
				CLANG_WARN_BLOCK_CAPTURE_AUTORELEASING = YES;
				CLANG_WARN_BOOL_CONVERSION = YES;
				CLANG_WARN_COMMA = YES;
				CLANG_WARN_CONSTANT_CONVERSION = YES;
				CLANG_WARN_DEPRECATED_OBJC_IMPLEMENTATIONS = YES;
				CLANG_WARN_DIRECT_OBJC_ISA_USAGE = YES_ERROR;
				CLANG_WARN_DOCUMENTATION_COMMENTS = YES;
				CLANG_WARN_EMPTY_BODY = YES;
				CLANG_WARN_ENUM_CONVERSION = YES;
				CLANG_WARN_INFINITE_RECURSION = YES;
				CLANG_WARN_INT_CONVERSION = YES;
				CLANG_WARN_NON_LITERAL_NULL_CONVERSION = YES;
				CLANG_WARN_OBJC_IMPLICIT_RETAIN_SELF = YES;
				CLANG_WARN_OBJC_LITERAL_CONVERSION = YES;
				CLANG_WARN_OBJC_ROOT_CLASS = YES_ERROR;
				CLANG_WARN_QUOTED_INCLUDE_IN_FRAMEWORK_HEADER = YES;
				CLANG_WARN_RANGE_LOOP_ANALYSIS = YES;
				CLANG_WARN_STRICT_PROTOTYPES = YES;
				CLANG_WARN_SUSPICIOUS_MOVE = YES;
				CLANG_WARN_UNGUARDED_AVAILABILITY = YES_AGGRESSIVE;
				CLANG_WARN_UNREACHABLE_CODE = YES;
				CLANG_WARN__DUPLICATE_METHOD_MATCH = YES;
				COPY_PHASE_STRIP = NO;
				DEBUG_INFORMATION_FORMAT = dwarf;
				ENABLE_STRICT_OBJC_MSGSEND = YES;
				ENABLE_TESTABILITY = YES;
				GCC_C_LANGUAGE_STANDARD = gnu11;
				GCC_DYNAMIC_NO_PIC = NO;
				GCC_NO_COMMON_BLOCKS = YES;
				GCC_OPTIMIZATION_LEVEL = 0;
				GCC_PREPROCESSOR_DEFINITIONS = (
					"DEBUG=1",
					"$(inherited)",
				);
				GCC_WARN_64_TO_32_BIT_CONVERSION = YES;
				GCC_WARN_ABOUT_RETURN_TYPE = YES_ERROR;
				GCC_WARN_UNDECLARED_SELECTOR = YES;
				GCC_WARN_UNINITIALIZED_AUTOS = YES_AGGRESSIVE;
				GCC_WARN_UNUSED_FUNCTION = YES;
				GCC_WARN_UNUSED_VARIABLE = YES;
				IPHONEOS_DEPLOYMENT_TARGET = 9.0;
				MTL_ENABLE_DEBUG_INFO = INCLUDE_SOURCE;
				MTL_FAST_MATH = YES;
				ONLY_ACTIVE_ARCH = YES;
				SDKROOT = iphoneos;
				SWIFT_ACTIVE_COMPILATION_CONDITIONS = DEBUG;
				SWIFT_OPTIMIZATION_LEVEL = "-Onone";
			};
			name = Debug;
		};
		8D8343A32568ADF30044B6AA /* Release */ = {
			isa = XCBuildConfiguration;
			buildSettings = {
				ALWAYS_SEARCH_USER_PATHS = NO;
				CLANG_ANALYZER_LOCALIZABILITY_NONLOCALIZED = YES;
				CLANG_ANALYZER_NONNULL = YES;
				CLANG_ANALYZER_NUMBER_OBJECT_CONVERSION = YES_AGGRESSIVE;
				CLANG_CXX_LANGUAGE_STANDARD = "gnu++14";
				CLANG_CXX_LIBRARY = "libc++";
				CLANG_ENABLE_MODULES = YES;
				CLANG_ENABLE_OBJC_ARC = YES;
				CLANG_ENABLE_OBJC_WEAK = YES;
				CLANG_WARN_BLOCK_CAPTURE_AUTORELEASING = YES;
				CLANG_WARN_BOOL_CONVERSION = YES;
				CLANG_WARN_COMMA = YES;
				CLANG_WARN_CONSTANT_CONVERSION = YES;
				CLANG_WARN_DEPRECATED_OBJC_IMPLEMENTATIONS = YES;
				CLANG_WARN_DIRECT_OBJC_ISA_USAGE = YES_ERROR;
				CLANG_WARN_DOCUMENTATION_COMMENTS = YES;
				CLANG_WARN_EMPTY_BODY = YES;
				CLANG_WARN_ENUM_CONVERSION = YES;
				CLANG_WARN_INFINITE_RECURSION = YES;
				CLANG_WARN_INT_CONVERSION = YES;
				CLANG_WARN_NON_LITERAL_NULL_CONVERSION = YES;
				CLANG_WARN_OBJC_IMPLICIT_RETAIN_SELF = YES;
				CLANG_WARN_OBJC_LITERAL_CONVERSION = YES;
				CLANG_WARN_OBJC_ROOT_CLASS = YES_ERROR;
				CLANG_WARN_QUOTED_INCLUDE_IN_FRAMEWORK_HEADER = YES;
				CLANG_WARN_RANGE_LOOP_ANALYSIS = YES;
				CLANG_WARN_STRICT_PROTOTYPES = YES;
				CLANG_WARN_SUSPICIOUS_MOVE = YES;
				CLANG_WARN_UNGUARDED_AVAILABILITY = YES_AGGRESSIVE;
				CLANG_WARN_UNREACHABLE_CODE = YES;
				CLANG_WARN__DUPLICATE_METHOD_MATCH = YES;
				COPY_PHASE_STRIP = NO;
				DEBUG_INFORMATION_FORMAT = "dwarf-with-dsym";
				ENABLE_NS_ASSERTIONS = NO;
				ENABLE_STRICT_OBJC_MSGSEND = YES;
				GCC_C_LANGUAGE_STANDARD = gnu11;
				GCC_NO_COMMON_BLOCKS = YES;
				GCC_WARN_64_TO_32_BIT_CONVERSION = YES;
				GCC_WARN_ABOUT_RETURN_TYPE = YES_ERROR;
				GCC_WARN_UNDECLARED_SELECTOR = YES;
				GCC_WARN_UNINITIALIZED_AUTOS = YES_AGGRESSIVE;
				GCC_WARN_UNUSED_FUNCTION = YES;
				GCC_WARN_UNUSED_VARIABLE = YES;
				IPHONEOS_DEPLOYMENT_TARGET = 9.0;
				MTL_ENABLE_DEBUG_INFO = NO;
				MTL_FAST_MATH = YES;
				SDKROOT = iphoneos;
				SWIFT_COMPILATION_MODE = wholemodule;
				SWIFT_OPTIMIZATION_LEVEL = "-O";
				VALIDATE_PRODUCT = YES;
			};
			name = Release;
		};
		8D8343A52568ADF30044B6AA /* Debug */ = {
			isa = XCBuildConfiguration;
			buildSettings = {
				ASSETCATALOG_COMPILER_APPICON_NAME = AppIcon;
				ASSETCATALOG_COMPILER_GLOBAL_ACCENT_COLOR_NAME = AccentColor;
				CODE_SIGN_STYLE = Automatic;
				CURRENT_PROJECT_VERSION = 2;
				DEVELOPMENT_TEAM = 3J9JN8BT25;
				INFOPLIST_FILE = UCAP/Info.plist;
				IPHONEOS_DEPLOYMENT_TARGET = 14.1;
				LD_RUNPATH_SEARCH_PATHS = (
					"$(inherited)",
					"@executable_path/Frameworks",
				);
				MARKETING_VERSION = 1;
				PRODUCT_BUNDLE_IDENTIFIER = com.warmkessel.UCAP;
				PRODUCT_NAME = "$(TARGET_NAME)";
				SWIFT_VERSION = 5.0;
				TARGETED_DEVICE_FAMILY = "1,2";
			};
			name = Debug;
		};
		8D8343A62568ADF30044B6AA /* Release */ = {
			isa = XCBuildConfiguration;
			buildSettings = {
				ASSETCATALOG_COMPILER_APPICON_NAME = AppIcon;
				ASSETCATALOG_COMPILER_GLOBAL_ACCENT_COLOR_NAME = AccentColor;
				CODE_SIGN_STYLE = Automatic;
				CURRENT_PROJECT_VERSION = 2;
				DEVELOPMENT_TEAM = 3J9JN8BT25;
				INFOPLIST_FILE = UCAP/Info.plist;
				IPHONEOS_DEPLOYMENT_TARGET = 14.1;
				LD_RUNPATH_SEARCH_PATHS = (
					"$(inherited)",
					"@executable_path/Frameworks",
				);
				MARKETING_VERSION = 1;
				PRODUCT_BUNDLE_IDENTIFIER = com.warmkessel.UCAP;
				PRODUCT_NAME = "$(TARGET_NAME)";
				SWIFT_VERSION = 5.0;
				TARGETED_DEVICE_FAMILY = "1,2";
			};
			name = Release;
		};
		8D8343A82568ADF30044B6AA /* Debug */ = {
			isa = XCBuildConfiguration;
			buildSettings = {
				ALWAYS_EMBED_SWIFT_STANDARD_LIBRARIES = YES;
				BUNDLE_LOADER = "$(TEST_HOST)";
				CODE_SIGN_STYLE = Automatic;
				DEVELOPMENT_TEAM = 3J9JN8BT25;
				INFOPLIST_FILE = CatherineTests/Info.plist;
				IPHONEOS_DEPLOYMENT_TARGET = 14.2;
				LD_RUNPATH_SEARCH_PATHS = (
					"$(inherited)",
					"@executable_path/Frameworks",
					"@loader_path/Frameworks",
				);
				PRODUCT_BUNDLE_IDENTIFIER = com.warmkessel.CatherineTests;
				PRODUCT_NAME = "$(TARGET_NAME)";
				SWIFT_VERSION = 5.0;
				TARGETED_DEVICE_FAMILY = "1,2";
				TEST_HOST = "$(BUILT_PRODUCTS_DIR)/Catherine.app/Catherine";
			};
			name = Debug;
		};
		8D8343A92568ADF30044B6AA /* Release */ = {
			isa = XCBuildConfiguration;
			buildSettings = {
				ALWAYS_EMBED_SWIFT_STANDARD_LIBRARIES = YES;
				BUNDLE_LOADER = "$(TEST_HOST)";
				CODE_SIGN_STYLE = Automatic;
				DEVELOPMENT_TEAM = 3J9JN8BT25;
				INFOPLIST_FILE = CatherineTests/Info.plist;
				IPHONEOS_DEPLOYMENT_TARGET = 14.2;
				LD_RUNPATH_SEARCH_PATHS = (
					"$(inherited)",
					"@executable_path/Frameworks",
					"@loader_path/Frameworks",
				);
				PRODUCT_BUNDLE_IDENTIFIER = com.warmkessel.CatherineTests;
				PRODUCT_NAME = "$(TARGET_NAME)";
				SWIFT_VERSION = 5.0;
				TARGETED_DEVICE_FAMILY = "1,2";
				TEST_HOST = "$(BUILT_PRODUCTS_DIR)/Catherine.app/Catherine";
			};
			name = Release;
		};
		8D8343AB2568ADF30044B6AA /* Debug */ = {
			isa = XCBuildConfiguration;
			buildSettings = {
				ALWAYS_EMBED_SWIFT_STANDARD_LIBRARIES = YES;
				CODE_SIGN_STYLE = Automatic;
				DEVELOPMENT_TEAM = 3J9JN8BT25;
				INFOPLIST_FILE = CatherineUITests/Info.plist;
				LD_RUNPATH_SEARCH_PATHS = (
					"$(inherited)",
					"@executable_path/Frameworks",
					"@loader_path/Frameworks",
				);
				PRODUCT_BUNDLE_IDENTIFIER = com.warmkessel.CatherineUITests;
				PRODUCT_NAME = "$(TARGET_NAME)";
				SWIFT_VERSION = 5.0;
				TARGETED_DEVICE_FAMILY = "1,2";
				TEST_TARGET_NAME = Catherine;
			};
			name = Debug;
		};
		8D8343AC2568ADF30044B6AA /* Release */ = {
			isa = XCBuildConfiguration;
			buildSettings = {
				ALWAYS_EMBED_SWIFT_STANDARD_LIBRARIES = YES;
				CODE_SIGN_STYLE = Automatic;
				DEVELOPMENT_TEAM = 3J9JN8BT25;
				INFOPLIST_FILE = CatherineUITests/Info.plist;
				LD_RUNPATH_SEARCH_PATHS = (
					"$(inherited)",
					"@executable_path/Frameworks",
					"@loader_path/Frameworks",
				);
				PRODUCT_BUNDLE_IDENTIFIER = com.warmkessel.CatherineUITests;
				PRODUCT_NAME = "$(TARGET_NAME)";
				SWIFT_VERSION = 5.0;
				TARGETED_DEVICE_FAMILY = "1,2";
				TEST_TARGET_NAME = Catherine;
			};
			name = Release;
		};
/* End XCBuildConfiguration section */

/* Begin XCConfigurationList section */
		8D8343752568ADF00044B6AA /* Build configuration list for PBXProject "UCAP" */ = {
			isa = XCConfigurationList;
			buildConfigurations = (
				8D8343A22568ADF30044B6AA /* Debug */,
				8D8343A32568ADF30044B6AA /* Release */,
			);
			defaultConfigurationIsVisible = 0;
			defaultConfigurationName = Release;
		};
		8D8343A42568ADF30044B6AA /* Build configuration list for PBXNativeTarget "UCAP" */ = {
			isa = XCConfigurationList;
			buildConfigurations = (
				8D8343A52568ADF30044B6AA /* Debug */,
				8D8343A62568ADF30044B6AA /* Release */,
			);
			defaultConfigurationIsVisible = 0;
			defaultConfigurationName = Release;
		};
		8D8343A72568ADF30044B6AA /* Build configuration list for PBXNativeTarget "UCAPTests" */ = {
			isa = XCConfigurationList;
			buildConfigurations = (
				8D8343A82568ADF30044B6AA /* Debug */,
				8D8343A92568ADF30044B6AA /* Release */,
			);
			defaultConfigurationIsVisible = 0;
			defaultConfigurationName = Release;
		};
		8D8343AA2568ADF30044B6AA /* Build configuration list for PBXNativeTarget "UCAPUITests" */ = {
			isa = XCConfigurationList;
			buildConfigurations = (
				8D8343AB2568ADF30044B6AA /* Debug */,
				8D8343AC2568ADF30044B6AA /* Release */,
			);
			defaultConfigurationIsVisible = 0;
			defaultConfigurationName = Release;
		};
/* End XCConfigurationList section */
	};
	rootObject = 8D8343722568ADF00044B6AA /* Project object */;
}
